
Microsoft Visual Studio Solution File, Format Version 12.00
# Visual Studio Version 17
VisualStudioVersion = 17.0.31912.275
MinimumVisualStudioVersion = 10.0.40219.1
Project("{FAE04EC0-301F-11D3-BF4B-00C04F79EFBC}") = "MD_Hansons", "MD_Hansons\MD_Hansons.csproj", "{44D1A26E-D068-4A6D-AF94-C4A3F3F03D16}"
EndProject
Global
	GlobalSection(SolutionConfigurationPlatforms) = preSolution
		Debug|Any CPU = Debug|Any CPU
		Release|Any CPU = Release|Any CPU
	EndGlobalSection
	GlobalSection(ProjectConfigurationPlatforms) = postSolution
		{44D1A26E-D068-4A6D-AF94-C4A3F3F03D16}.Debug|Any CPU.ActiveCfg = Debug|Any CPU
		{44D1A26E-D068-4A6D-AF94-C4A3F3F03D16}.Debug|Any CPU.Build.0 = Debug|Any CPU
		{44D1A26E-D068-4A6D-AF94-C4A3F3F03D16}.Release|Any CPU.ActiveCfg = Release|Any CPU
		{44D1A26E-D068-4A6D-AF94-C4A3F3F03D16}.Release|Any CPU.Build.0 = Release|Any CPU
	EndGlobalSection
	GlobalSection(SolutionProperties) = preSolution
		HideSolutionNode = FALSE
	EndGlobalSection
	GlobalSection(ExtensibilityGlobals) = postSolution
		SolutionGuid = {1002F0A4-77D3-4B3F-9048-2AFD47589E85}
	EndGlobalSection
EndGlobal
